
Microsoft Visual Studio Solution File, Format Version 12.00
# Visual Studio Version 17
VisualStudioVersion = 17.8.34330.188
MinimumVisualStudioVersion = 10.0.40219.1
Project("{FAE04EC0-301F-11D3-BF4B-00C04F79EFBC}") = "WorldGuessingGameWindowsApplication", "WorldGuessingGameWindowsApplication.csproj", "{FF4A9AB1-2C90-4873-9127-55857E74E3E8}"
EndProject
Global
	GlobalSection(SolutionConfigurationPlatforms) = preSolution
		Debug|Any CPU = Debug|Any CPU
		Release|Any CPU = Release|Any CPU
	EndGlobalSection
	GlobalSection(ProjectConfigurationPlatforms) = postSolution
		{FF4A9AB1-2C90-4873-9127-55857E74E3E8}.Debug|Any CPU.ActiveCfg = Debug|Any CPU
		{FF4A9AB1-2C90-4873-9127-55857E74E3E8}.Debug|Any CPU.Build.0 = Debug|Any CPU
		{FF4A9AB1-2C90-4873-9127-55857E74E3E8}.Release|Any CPU.ActiveCfg = Release|Any CPU
		{FF4A9AB1-2C90-4873-9127-55857E74E3E8}.Release|Any CPU.Build.0 = Release|Any CPU
	EndGlobalSection
	GlobalSection(SolutionProperties) = preSolution
		HideSolutionNode = FALSE
	EndGlobalSection
	GlobalSection(ExtensibilityGlobals) = postSolution
		SolutionGuid = {6EE591E6-BFF8-4175-9004-76FC609114C4}
	EndGlobalSection
EndGlobal
